# Pinned native dependencies for standalone audioif builds.
# <name> <clone-url> <commit>
# ulab: the exact revision CircuitPython 10.2.1 vendors (the oracle's).
# mp3: the exact Adafruit_MP3 commit the parent workspace's circuitpython
#      checkout vendors in its own lib/mp3; patches/adafruit_mp3/ applies
#      on top.
ulab https://github.com/v923z/micropython-ulab 1d3ddd8f5228e2c7335dac71f4846e6abb0ec9f9
mp3 https://github.com/adafruit/Adafruit_MP3.git aac02afd9f24d2ee930f650156654ab9211a306a
